// !$*UTF8*$!
{
	archiveVersion = 1;
	classes = {
	};
	objectVersion = 50;
	objects = {

/* Begin PBXBuildFile section */
		D57DBDB2225C800E001A7ED6 /* AppDelegate.swift in Sources */ = {isa = PBXBuildFile; fileRef = D57DBDB1225C800E001A7ED6 /* AppDelegate.swift */; };
		D57DBDB4225C800E001A7ED6 /* ViewController.swift in Sources */ = {isa = PBXBuildFile; fileRef = D57DBDB3225C800E001A7ED6 /* ViewController.swift */; };
		D57DBDB7225C800E001A7ED6 /* Main.storyboard in Resources */ = {isa = PBXBuildFile; fileRef = D57DBDB5225C800E001A7ED6 /* Main.storyboard */; };
		D57DBDB9225C800E001A7ED6 /* Assets.xcassets in Resources */ = {isa = PBXBuildFile; fileRef = D57DBDB8225C800E001A7ED6 /* Assets.xcassets */; };
		D57DBDBC225C800E001A7ED6 /* LaunchScreen.storyboard in Resources */ = {isa = PBXBuildFile; fileRef = D57DBDBA225C800E001A7ED6 /* LaunchScreen.storyboard */; };
		D57DBDC7225C800F001A7ED6 /* FirstKadaiAppTests.swift in Sources */ = {isa = PBXBuildFile; fileRef = D57DBDC6225C800F001A7ED6 /* FirstKadaiAppTests.swift */; };
		D57DBDD2225C800F001A7ED6 /* FirstKadaiAppUITests.swift in Sources */ = {isa = PBXBuildFile; fileRef = D57DBDD1225C800F001A7ED6 /* FirstKadaiAppUITests.swift */; };
/* End PBXBuildFile section */

/* Begin PBXContainerItemProxy section */
		D57DBDC3225C800F001A7ED6 /* PBXContainerItemProxy */ = {
			isa = PBXContainerItemProxy;
			containerPortal = D57DBDA6225C800E001A7ED6 /* Project object */;
			proxyType = 1;
			remoteGlobalIDString = D57DBDAD225C800E001A7ED6;
			remoteInfo = FirstKadaiApp;
		};
		D57DBDCE225C800F001A7ED6 /* PBXContainerItemProxy */ = {
			isa = PBXContainerItemProxy;
			containerPortal = D57DBDA6225C800E001A7ED6 /* Project object */;
			proxyType = 1;
			remoteGlobalIDString = D57DBDAD225C800E001A7ED6;
			remoteInfo = FirstKadaiApp;
		};
/* End PBXContainerItemProxy section */

/* Begin PBXFileReference section */
		D57DBDAE225C800E001A7ED6 /* FirstKadaiApp.app */ = {isa = PBXFileReference; explicitFileType = wrapper.application; includeInIndex = 0; path = FirstKadaiApp.app; sourceTree = BUILT_PRODUCTS_DIR; };
		D57DBDB1225C800E001A7ED6 /* AppDelegate.swift */ = {isa = PBXFileReference; lastKnownFileType = sourcecode.swift; path = AppDelegate.swift; sourceTree = "<group>"; };
		D57DBDB3225C800E001A7ED6 /* ViewController.swift */ = {isa = PBXFileReference; lastKnownFileType = sourcecode.swift; path = ViewController.swift; sourceTree = "<group>"; };
		D57DBDB6225C800E001A7ED6 /* Base */ = {isa = PBXFileReference; lastKnownFileType = file.storyboard; name = Base; path = Base.lproj/Main.storyboard; sourceTree = "<group>"; };
		D57DBDB8225C800E001A7ED6 /* Assets.xcassets */ = {isa = PBXFileReference; lastKnownFileType = folder.assetcatalog; path = Assets.xcassets; sourceTree = "<group>"; };
		D57DBDBB225C800E001A7ED6 /* Base */ = {isa = PBXFileReference; lastKnownFileType = file.storyboard; name = Base; path = Base.lproj/LaunchScreen.storyboard; sourceTree = "<group>"; };
		D57DBDBD225C800E001A7ED6 /* Info.plist */ = {isa = PBXFileReference; lastKnownFileType = text.plist.xml; path = Info.plist; sourceTree = "<group>"; };
		D57DBDC2225C800F001A7ED6 /* FirstKadaiAppTests.xctest */ = {isa = PBXFileReference; explicitFileType = wrapper.cfbundle; includeInIndex = 0; path = FirstKadaiAppTests.xctest; sourceTree = BUILT_PRODUCTS_DIR; };
		D57DBDC6225C800F001A7ED6 /* FirstKadaiAppTests.swift */ = {isa = PBXFileReference; lastKnownFileType = sourcecode.swift; path = FirstKadaiAppTests.swift; sourceTree = "<group>"; };
		D57DBDC8225C800F001A7ED6 /* Info.plist */ = {isa = PBXFileReference; lastKnownFileType = text.plist.xml; path = Info.plist; sourceTree = "<group>"; };
		D57DBDCD225C800F001A7ED6 /* FirstKadaiAppUITests.xctest */ = {isa = PBXFileReference; explicitFileType = wrapper.cfbundle; includeInIndex = 0; path = FirstKadaiAppUITests.xctest; sourceTree = BUILT_PRODUCTS_DIR; };
		D57DBDD1225C800F001A7ED6 /* FirstKadaiAppUITests.swift */ = {isa = PBXFileReference; lastKnownFileType = sourcecode.swift; path = FirstKadaiAppUITests.swift; sourceTree = "<group>"; };
		D57DBDD3225C800F001A7ED6 /* Info.plist */ = {isa = PBXFileReference; lastKnownFileType = text.plist.xml; path = Info.plist; sourceTree = "<group>"; };
/* End PBXFileReference section */

/* Begin PBXFrameworksBuildPhase section */
		D57DBDAB225C800E001A7ED6 /* Frameworks */ = {
			isa = PBXFrameworksBuildPhase;
			buildActionMask = 2147483647;
			files = (
			);
			runOnlyForDeploymentPostprocessing = 0;
		};
		D57DBDBF225C800F001A7ED6 /* Frameworks */ = {
			isa = PBXFrameworksBuildPhase;
			buildActionMask = 2147483647;
			files = (
			);
			runOnlyForDeploymentPostprocessing = 0;
		};
		D57DBDCA225C800F001A7ED6 /* Frameworks */ = {
			isa = PBXFrameworksBuildPhase;
			buildActionMask = 2147483647;
			files = (
			);
			runOnlyForDeploymentPostprocessing = 0;
		};
/* End PBXFrameworksBuildPhase section */

/* Begin PBXGroup section */
		D57DBDA5225C800E001A7ED6 = {
			isa = PBXGroup;
			children = (
				D57DBDB0225C800E001A7ED6 /* FirstKadaiApp */,
				D57DBDC5225C800F001A7ED6 /* FirstKadaiAppTests */,
				D57DBDD0225C800F001A7ED6 /* FirstKadaiAppUITests */,
				D57DBDAF225C800E001A7ED6 /* Products */,
			);
			sourceTree = "<group>";
		};
		D57DBDAF225C800E001A7ED6 /* Products */ = {
			isa = PBXGroup;
			children = (
				D57DBDAE225C800E001A7ED6 /* FirstKadaiApp.app */,
				D57DBDC2225C800F001A7ED6 /* FirstKadaiAppTests.xctest */,
				D57DBDCD225C800F001A7ED6 /* FirstKadaiAppUITests.xctest */,
			);
			name = Products;
			sourceTree = "<group>";
		};
		D57DBDB0225C800E001A7ED6 /* FirstKadaiApp */ = {
			isa = PBXGroup;
			children = (
				D57DBDB1225C800E001A7ED6 /* AppDelegate.swift */,
				D57DBDB3225C800E001A7ED6 /* ViewController.swift */,
				D57DBDB5225C800E001A7ED6 /* Main.storyboard */,
				D57DBDB8225C800E001A7ED6 /* Assets.xcassets */,
				D57DBDBA225C800E001A7ED6 /* LaunchScreen.storyboard */,
				D57DBDBD225C800E001A7ED6 /* Info.plist */,
			);
			path = FirstKadaiApp;
			sourceTree = "<group>";
		};
		D57DBDC5225C800F001A7ED6 /* FirstKadaiAppTests */ = {
			isa = PBXGroup;
			children = (
				D57DBDC6225C800F001A7ED6 /* FirstKadaiAppTests.swift */,
				D57DBDC8225C800F001A7ED6 /* Info.plist */,
			);
			path = FirstKadaiAppTests;
			sourceTree = "<group>";
		};
		D57DBDD0225C800F001A7ED6 /* FirstKadaiAppUITests */ = {
			isa = PBXGroup;
			children = (
				D57DBDD1225C800F001A7ED6 /* FirstKadaiAppUITests.swift */,
				D57DBDD3225C800F001A7ED6 /* Info.plist */,
			);
			path = FirstKadaiAppUITests;
			sourceTree = "<group>";
		};
/* End PBXGroup section */

/* Begin PBXNativeTarget section */
		D57DBDAD225C800E001A7ED6 /* FirstKadaiApp */ = {
			isa = PBXNativeTarget;
			buildConfigurationList = D57DBDD6225C800F001A7ED6 /* Build configuration list for PBXNativeTarget "FirstKadaiApp" */;
			buildPhases = (
				D57DBDAA225C800E001A7ED6 /* Sources */,
				D57DBDAB225C800E001A7ED6 /* Frameworks */,
				D57DBDAC225C800E001A7ED6 /* Resources */,
			);
			buildRules = (
			);
			dependencies = (
			);
			name = FirstKadaiApp;
			productName = FirstKadaiApp;
			productReference = D57DBDAE225C800E001A7ED6 /* FirstKadaiApp.app */;
			productType = "com.apple.product-type.application";
		};
		D57DBDC1225C800F001A7ED6 /* FirstKadaiAppTests */ = {
			isa = PBXNativeTarget;
			buildConfigurationList = D57DBDD9225C800F001A7ED6 /* Build configuration list for PBXNativeTarget "FirstKadaiAppTests" */;
			buildPhases = (
				D57DBDBE225C800F001A7ED6 /* Sources */,
				D57DBDBF225C800F001A7ED6 /* Frameworks */,
				D57DBDC0225C800F001A7ED6 /* Resources */,
			);
			buildRules = (
			);
			dependencies = (
				D57DBDC4225C800F001A7ED6 /* PBXTargetDependency */,
			);
			name = FirstKadaiAppTests;
			productName = FirstKadaiAppTests;
			productReference = D57DBDC2225C800F001A7ED6 /* FirstKadaiAppTests.xctest */;
			productType = "com.apple.product-type.bundle.unit-test";
		};
		D57DBDCC225C800F001A7ED6 /* FirstKadaiAppUITests */ = {
			isa = PBXNativeTarget;
			buildConfigurationList = D57DBDDC225C800F001A7ED6 /* Build configuration list for PBXNativeTarget "FirstKadaiAppUITests" */;
			buildPhases = (
				D57DBDC9225C800F001A7ED6 /* Sources */,
				D57DBDCA225C800F001A7ED6 /* Frameworks */,
				D57DBDCB225C800F001A7ED6 /* Resources */,
			);
			buildRules = (
			);
			dependencies = (
				D57DBDCF225C800F001A7ED6 /* PBXTargetDependency */,
			);
			name = FirstKadaiAppUITests;
			productName = FirstKadaiAppUITests;
			productReference = D57DBDCD225C800F001A7ED6 /* FirstKadaiAppUITests.xctest */;
			productType = "com.apple.product-type.bundle.ui-testing";
		};
/* End PBXNativeTarget section */

/* Begin PBXProject section */
		D57DBDA6225C800E001A7ED6 /* Project object */ = {
			isa = PBXProject;
			attributes = {
				LastSwiftUpdateCheck = 1010;
				LastUpgradeCheck = 1010;
				ORGANIZATIONNAME = yoichiro.funai;
				TargetAttributes = {
					D57DBDAD225C800E001A7ED6 = {
						CreatedOnToolsVersion = 10.1;
					};
					D57DBDC1225C800F001A7ED6 = {
						CreatedOnToolsVersion = 10.1;
						TestTargetID = D57DBDAD225C800E001A7ED6;
					};
					D57DBDCC225C800F001A7ED6 = {
						CreatedOnToolsVersion = 10.1;
						TestTargetID = D57DBDAD225C800E001A7ED6;
					};
				};
			};
			buildConfigurationList = D57DBDA9225C800E001A7ED6 /* Build configuration list for PBXProject "FirstKadaiApp" */;
			compatibilityVersion = "Xcode 9.3";
			developmentRegion = en;
			hasScannedForEncodings = 0;
			knownRegions = (
				en,
				Base,
			);
			mainGroup = D57DBDA5225C800E001A7ED6;
			productRefGroup = D57DBDAF225C800E001A7ED6 /* Products */;
			projectDirPath = "";
			projectRoot = "";
			targets = (
				D57DBDAD225C800E001A7ED6 /* FirstKadaiApp */,
				D57DBDC1225C800F001A7ED6 /* FirstKadaiAppTests */,
				D57DBDCC225C800F001A7ED6 /* FirstKadaiAppUITests */,
			);
		};
/* End PBXProject section */

/* Begin PBXResourcesBuildPhase section */
		D57DBDAC225C800E001A7ED6 /* Resources */ = {
			isa = PBXResourcesBuildPhase;
			buildActionMask = 2147483647;
			files = (
				D57DBDBC225C800E001A7ED6 /* LaunchScreen.storyboard in Resources */,
				D57DBDB9225C800E001A7ED6 /* Assets.xcassets in Resources */,
				D57DBDB7225C800E001A7ED6 /* Main.storyboard in Resources */,
			);
			runOnlyForDeploymentPostprocessing = 0;
		};
		D57DBDC0225C800F001A7ED6 /* Resources */ = {
			isa = PBXResourcesBuildPhase;
			buildActionMask = 2147483647;
			files = (
			);
			runOnlyForDeploymentPostprocessing = 0;
		};
		D57DBDCB225C800F001A7ED6 /* Resources */ = {
			isa = PBXResourcesBuildPhase;
			buildActionMask = 2147483647;
			files = (
			);
			runOnlyForDeploymentPostprocessing = 0;
		};
/* End PBXResourcesBuildPhase section */

/* Begin PBXSourcesBuildPhase section */
		D57DBDAA225C800E001A7ED6 /* Sources */ = {
			isa = PBXSourcesBuildPhase;
			buildActionMask = 2147483647;
			files = (
				D57DBDB4225C800E001A7ED6 /* ViewController.swift in Sources */,
				D57DBDB2225C800E001A7ED6 /* AppDelegate.swift in Sources */,
			);
			runOnlyForDeploymentPostprocessing = 0;
		};
		D57DBDBE225C800F001A7ED6 /* Sources */ = {
			isa = PBXSourcesBuildPhase;
			buildActionMask = 2147483647;
			files = (
				D57DBDC7225C800F001A7ED6 /* FirstKadaiAppTests.swift in Sources */,
			);
			runOnlyForDeploymentPostprocessing = 0;
		};
		D57DBDC9225C800F001A7ED6 /* Sources */ = {
			isa = PBXSourcesBuildPhase;
			buildActionMask = 2147483647;
			files = (
				D57DBDD2225C800F001A7ED6 /* FirstKadaiAppUITests.swift in Sources */,
			);
			runOnlyForDeploymentPostprocessing = 0;
		};
/* End PBXSourcesBuildPhase section */

/* Begin PBXTargetDependency section */
		D57DBDC4225C800F001A7ED6 /* PBXTargetDependency */ = {
			isa = PBXTargetDependency;
			target = D57DBDAD225C800E001A7ED6 /* FirstKadaiApp */;
			targetProxy = D57DBDC3225C800F001A7ED6 /* PBXContainerItemProxy */;
		};
		D57DBDCF225C800F001A7ED6 /* PBXTargetDependency */ = {
			isa = PBXTargetDependency;
			target = D57DBDAD225C800E001A7ED6 /* FirstKadaiApp */;
			targetProxy = D57DBDCE225C800F001A7ED6 /* PBXContainerItemProxy */;
		};
/* End PBXTargetDependency section */

/* Begin PBXVariantGroup section */
		D57DBDB5225C800E001A7ED6 /* Main.storyboard */ = {
			isa = PBXVariantGroup;
			children = (
				D57DBDB6225C800E001A7ED6 /* Base */,
			);
			name = Main.storyboard;
			sourceTree = "<group>";
		};
		D57DBDBA225C800E001A7ED6 /* LaunchScreen.storyboard */ = {
			isa = PBXVariantGroup;
			children = (
				D57DBDBB225C800E001A7ED6 /* Base */,
			);
			name = LaunchScreen.storyboard;
			sourceTree = "<group>";
		};
/* End PBXVariantGroup section */

/* Begin XCBuildConfiguration section */
		D57DBDD4225C800F001A7ED6 /* Debug */ = {
			isa = XCBuildConfiguration;
			buildSettings = {
				ALWAYS_SEARCH_USER_PATHS = NO;
				CLANG_ANALYZER_NONNULL = YES;
				CLANG_ANALYZER_NUMBER_OBJECT_CONVERSION = YES_AGGRESSIVE;
				CLANG_CXX_LANGUAGE_STANDARD = "gnu++14";
				CLANG_CXX_LIBRARY = "libc++";
				CLANG_ENABLE_MODULES = YES;
				CLANG_ENABLE_OBJC_ARC = YES;
				CLANG_ENABLE_OBJC_WEAK = YES;
				CLANG_WARN_BLOCK_CAPTURE_AUTORELEASING = YES;
				CLANG_WARN_BOOL_CONVERSION = YES;
				CLANG_WARN_COMMA = YES;
				CLANG_WARN_CONSTANT_CONVERSION = YES;
				CLANG_WARN_DEPRECATED_OBJC_IMPLEMENTATIONS = YES;
				CLANG_WARN_DIRECT_OBJC_ISA_USAGE = YES_ERROR;
				CLANG_WARN_DOCUMENTATION_COMMENTS = YES;
				CLANG_WARN_EMPTY_BODY = YES;
				CLANG_WARN_ENUM_CONVERSION = YES;
				CLANG_WARN_INFINITE_RECURSION = YES;
				CLANG_WARN_INT_CONVERSION = YES;
				CLANG_WARN_NON_LITERAL_NULL_CONVERSION = YES;
				CLANG_WARN_OBJC_IMPLICIT_RETAIN_SELF = YES;
				CLANG_WARN_OBJC_LITERAL_CONVERSION = YES;
				CLANG_WARN_OBJC_ROOT_CLASS = YES_ERROR;
				CLANG_WARN_RANGE_LOOP_ANALYSIS = YES;
				CLANG_WARN_STRICT_PROTOTYPES = YES;
				CLANG_WARN_SUSPICIOUS_MOVE = YES;
				CLANG_WARN_UNGUARDED_AVAILABILITY = YES_AGGRESSIVE;
				CLANG_WARN_UNREACHABLE_CODE = YES;
				CLANG_WARN__DUPLICATE_METHOD_MATCH = YES;
				CODE_SIGN_IDENTITY = "iPhone Developer";
				COPY_PHASE_STRIP = NO;
				DEBUG_INFORMATION_FORMAT = dwarf;
				ENABLE_STRICT_OBJC_MSGSEND = YES;
				ENABLE_TESTABILITY = YES;
				GCC_C_LANGUAGE_STANDARD = gnu11;
				GCC_DYNAMIC_NO_PIC = NO;
				GCC_NO_COMMON_BLOCKS = YES;
				GCC_OPTIMIZATION_LEVEL = 0;
				GCC_PREPROCESSOR_DEFINITIONS = (
					"DEBUG=1",
					"$(inherited)",
				);
				GCC_WARN_64_TO_32_BIT_CONVERSION = YES;
				GCC_WARN_ABOUT_RETURN_TYPE = YES_ERROR;
				GCC_WARN_UNDECLARED_SELECTOR = YES;
				GCC_WARN_UNINITIALIZED_AUTOS = YES_AGGRESSIVE;
				GCC_WARN_UNUSED_FUNCTION = YES;
				GCC_WARN_UNUSED_VARIABLE = YES;
				IPHONEOS_DEPLOYMENT_TARGET = 12.1;
				MTL_ENABLE_DEBUG_INFO = INCLUDE_SOURCE;
				MTL_FAST_MATH = YES;
				ONLY_ACTIVE_ARCH = YES;
				SDKROOT = iphoneos;
				SWIFT_ACTIVE_COMPILATION_CONDITIONS = DEBUG;
				SWIFT_OPTIMIZATION_LEVEL = "-Onone";
			};
			name = Debug;
		};
		D57DBDD5225C800F001A7ED6 /* Release */ = {
			isa = XCBuildConfiguration;
			buildSettings = {
				ALWAYS_SEARCH_USER_PATHS = NO;
				CLANG_ANALYZER_NONNULL = YES;
				CLANG_ANALYZER_NUMBER_OBJECT_CONVERSION = YES_AGGRESSIVE;
				CLANG_CXX_LANGUAGE_STANDARD = "gnu++14";
				CLANG_CXX_LIBRARY = "libc++";
				CLANG_ENABLE_MODULES = YES;
				CLANG_ENABLE_OBJC_ARC = YES;
				CLANG_ENABLE_OBJC_WEAK = YES;
				CLANG_WARN_BLOCK_CAPTURE_AUTORELEASING = YES;
				CLANG_WARN_BOOL_CONVERSION = YES;
				CLANG_WARN_COMMA = YES;
				CLANG_WARN_CONSTANT_CONVERSION = YES;
				CLANG_WARN_DEPRECATED_OBJC_IMPLEMENTATIONS = YES;
				CLANG_WARN_DIRECT_OBJC_ISA_USAGE = YES_ERROR;
				CLANG_WARN_DOCUMENTATION_COMMENTS = YES;
				CLANG_WARN_EMPTY_BODY = YES;
				CLANG_WARN_ENUM_CONVERSION = YES;
				CLANG_WARN_INFINITE_RECURSION = YES;
				CLANG_WARN_INT_CONVERSION = YES;
				CLANG_WARN_NON_LITERAL_NULL_CONVERSION = YES;
				CLANG_WARN_OBJC_IMPLICIT_RETAIN_SELF = YES;
				CLANG_WARN_OBJC_LITERAL_CONVERSION = YES;
				CLANG_WARN_OBJC_ROOT_CLASS = YES_ERROR;
				CLANG_WARN_RANGE_LOOP_ANALYSIS = YES;
				CLANG_WARN_STRICT_PROTOTYPES = YES;
				CLANG_WARN_SUSPICIOUS_MOVE = YES;
				CLANG_WARN_UNGUARDED_AVAILABILITY = YES_AGGRESSIVE;
				CLANG_WARN_UNREACHABLE_CODE = YES;
				CLANG_WARN__DUPLICATE_METHOD_MATCH = YES;
				CODE_SIGN_IDENTITY = "iPhone Developer";
				COPY_PHASE_STRIP = NO;
				DEBUG_INFORMATION_FORMAT = "dwarf-with-dsym";
				ENABLE_NS_ASSERTIONS = NO;
				ENABLE_STRICT_OBJC_MSGSEND = YES;
				GCC_C_LANGUAGE_STANDARD = gnu11;
				GCC_NO_COMMON_BLOCKS = YES;
				GCC_WARN_64_TO_32_BIT_CONVERSION = YES;
				GCC_WARN_ABOUT_RETURN_TYPE = YES_ERROR;
				GCC_WARN_UNDECLARED_SELECTOR = YES;
				GCC_WARN_UNINITIALIZED_AUTOS = YES_AGGRESSIVE;
				GCC_WARN_UNUSED_FUNCTION = YES;
				GCC_WARN_UNUSED_VARIABLE = YES;
				IPHONEOS_DEPLOYMENT_TARGET = 12.1;
				MTL_ENABLE_DEBUG_INFO = NO;
				MTL_FAST_MATH = YES;
				SDKROOT = iphoneos;
				SWIFT_COMPILATION_MODE = wholemodule;
				SWIFT_OPTIMIZATION_LEVEL = "-O";
				VALIDATE_PRODUCT = YES;
			};
			name = Release;
		};
		D57DBDD7225C800F001A7ED6 /* Debug */ = {
			isa = XCBuildConfiguration;
			buildSettings = {
				ASSETCATALOG_COMPILER_APPICON_NAME = AppIcon;
				CODE_SIGN_STYLE = Automatic;
				DEVELOPMENT_TEAM = 79LZTZXK3U;
				INFOPLIST_FILE = FirstKadaiApp/Info.plist;
				LD_RUNPATH_SEARCH_PATHS = (
					"$(inherited)",
					"@executable_path/Frameworks",
				);
				PRODUCT_BUNDLE_IDENTIFIER = jp.techacademy.yoichiro.funai.FirstKadaiApp;
				PRODUCT_NAME = "$(TARGET_NAME)";
				SWIFT_VERSION = 4.2;
				TARGETED_DEVICE_FAMILY = "1,2";
			};
			name = Debug;
		};
		D57DBDD8225C800F001A7ED6 /* Release */ = {
			isa = XCBuildConfiguration;
			buildSettings = {
				ASSETCATALOG_COMPILER_APPICON_NAME = AppIcon;
				CODE_SIGN_STYLE = Automatic;
				DEVELOPMENT_TEAM = 79LZTZXK3U;
				INFOPLIST_FILE = FirstKadaiApp/Info.plist;
				LD_RUNPATH_SEARCH_PATHS = (
					"$(inherited)",
					"@executable_path/Frameworks",
				);
				PRODUCT_BUNDLE_IDENTIFIER = jp.techacademy.yoichiro.funai.FirstKadaiApp;
				PRODUCT_NAME = "$(TARGET_NAME)";
				SWIFT_VERSION = 4.2;
				TARGETED_DEVICE_FAMILY = "1,2";
			};
			name = Release;
		};
		D57DBDDA225C800F001A7ED6 /* Debug */ = {
			isa = XCBuildConfiguration;
			buildSettings = {
				ALWAYS_EMBED_SWIFT_STANDARD_LIBRARIES = YES;
				BUNDLE_LOADER = "$(TEST_HOST)";
				CODE_SIGN_STYLE = Automatic;
				DEVELOPMENT_TEAM = 79LZTZXK3U;
				INFOPLIST_FILE = FirstKadaiAppTests/Info.plist;
				LD_RUNPATH_SEARCH_PATHS = (
					"$(inherited)",
					"@executable_path/Frameworks",
					"@loader_path/Frameworks",
				);
				PRODUCT_BUNDLE_IDENTIFIER = jp.techacademy.yoichiro.funai.FirstKadaiAppTests;
				PRODUCT_NAME = "$(TARGET_NAME)";
				SWIFT_VERSION = 4.2;
				TARGETED_DEVICE_FAMILY = "1,2";
				TEST_HOST = "$(BUILT_PRODUCTS_DIR)/FirstKadaiApp.app/FirstKadaiApp";
			};
			name = Debug;
		};
		D57DBDDB225C800F001A7ED6 /* Release */ = {
			isa = XCBuildConfiguration;
			buildSettings = {
				ALWAYS_EMBED_SWIFT_STANDARD_LIBRARIES = YES;
				BUNDLE_LOADER = "$(TEST_HOST)";
				CODE_SIGN_STYLE = Automatic;
				DEVELOPMENT_TEAM = 79LZTZXK3U;
				INFOPLIST_FILE = FirstKadaiAppTests/Info.plist;
				LD_RUNPATH_SEARCH_PATHS = (
					"$(inherited)",
					"@executable_path/Frameworks",
					"@loader_path/Frameworks",
				);
				PRODUCT_BUNDLE_IDENTIFIER = jp.techacademy.yoichiro.funai.FirstKadaiAppTests;
				PRODUCT_NAME = "$(TARGET_NAME)";
				SWIFT_VERSION = 4.2;
				TARGETED_DEVICE_FAMILY = "1,2";
				TEST_HOST = "$(BUILT_PRODUCTS_DIR)/FirstKadaiApp.app/FirstKadaiApp";
			};
			name = Release;
		};
		D57DBDDD225C800F001A7ED6 /* Debug */ = {
			isa = XCBuildConfiguration;
			buildSettings = {
				ALWAYS_EMBED_SWIFT_STANDARD_LIBRARIES = YES;
				CODE_SIGN_STYLE = Automatic;
				DEVELOPMENT_TEAM = 79LZTZXK3U;
				INFOPLIST_FILE = FirstKadaiAppUITests/Info.plist;
				LD_RUNPATH_SEARCH_PATHS = (
					"$(inherited)",
					"@executable_path/Frameworks",
					"@loader_path/Frameworks",
				);
				PRODUCT_BUNDLE_IDENTIFIER = jp.techacademy.yoichiro.funai.FirstKadaiAppUITests;
				PRODUCT_NAME = "$(TARGET_NAME)";
				SWIFT_VERSION = 4.2;
				TARGETED_DEVICE_FAMILY = "1,2";
				TEST_TARGET_NAME = FirstKadaiApp;
			};
			name = Debug;
		};
		D57DBDDE225C800F001A7ED6 /* Release */ = {
			isa = XCBuildConfiguration;
			buildSettings = {
				ALWAYS_EMBED_SWIFT_STANDARD_LIBRARIES = YES;
				CODE_SIGN_STYLE = Automatic;
				DEVELOPMENT_TEAM = 79LZTZXK3U;
				INFOPLIST_FILE = FirstKadaiAppUITests/Info.plist;
				LD_RUNPATH_SEARCH_PATHS = (
					"$(inherited)",
					"@executable_path/Frameworks",
					"@loader_path/Frameworks",
				);
				PRODUCT_BUNDLE_IDENTIFIER = jp.techacademy.yoichiro.funai.FirstKadaiAppUITests;
				PRODUCT_NAME = "$(TARGET_NAME)";
				SWIFT_VERSION = 4.2;
				TARGETED_DEVICE_FAMILY = "1,2";
				TEST_TARGET_NAME = FirstKadaiApp;
			};
			name = Release;
		};
/* End XCBuildConfiguration section */

/* Begin XCConfigurationList section */
		D57DBDA9225C800E001A7ED6 /* Build configuration list for PBXProject "FirstKadaiApp" */ = {
			isa = XCConfigurationList;
			buildConfigurations = (
				D57DBDD4225C800F001A7ED6 /* Debug */,
				D57DBDD5225C800F001A7ED6 /* Release */,
			);
			defaultConfigurationIsVisible = 0;
			defaultConfigurationName = Release;
		};
		D57DBDD6225C800F001A7ED6 /* Build configuration list for PBXNativeTarget "FirstKadaiApp" */ = {
			isa = XCConfigurationList;
			buildConfigurations = (
				D57DBDD7225C800F001A7ED6 /* Debug */,
				D57DBDD8225C800F001A7ED6 /* Release */,
			);
			defaultConfigurationIsVisible = 0;
			defaultConfigurationName = Release;
		};
		D57DBDD9225C800F001A7ED6 /* Build configuration list for PBXNativeTarget "FirstKadaiAppTests" */ = {
			isa = XCConfigurationList;
			buildConfigurations = (
				D57DBDDA225C800F001A7ED6 /* Debug */,
				D57DBDDB225C800F001A7ED6 /* Release */,
			);
			defaultConfigurationIsVisible = 0;
			defaultConfigurationName = Release;
		};
		D57DBDDC225C800F001A7ED6 /* Build configuration list for PBXNativeTarget "FirstKadaiAppUITests" */ = {
			isa = XCConfigurationList;
			buildConfigurations = (
				D57DBDDD225C800F001A7ED6 /* Debug */,
				D57DBDDE225C800F001A7ED6 /* Release */,
			);
			defaultConfigurationIsVisible = 0;
			defaultConfigurationName = Release;
		};
/* End XCConfigurationList section */
	};
	rootObject = D57DBDA6225C800E001A7ED6 /* Project object */;
}
